
Microsoft Visual Studio Solution File, Format Version 12.00
# Visual Studio 15
Project("{FAE04EC0-301F-11D3-BF4B-00C04F79EFBC}") = "ReadDeal", "ReadDeal\ReadDeal.csproj", "{9659C123-1E86-430C-AE44-C372AB81AD4E}"
EndProject
Project("{FAE04EC0-301F-11D3-BF4B-00C04F79EFBC}") = "RealDeal.AppLogic", "RealDeal.AppLogic\RealDeal.AppLogic.csproj", "{FEAAA424-20CD-499F-837F-E5B18AA09758}"
EndProject
Project("{FAE04EC0-301F-11D3-BF4B-00C04F79EFBC}") = "RealDeal.DataAcces", "RealDeal.DataAcces\RealDeal.DataAcces.csproj", "{5C6F6F73-FDDB-4158-8B0D-B9538B1B2929}"
EndProject
Global
	GlobalSection(SolutionConfigurationPlatforms) = preSolution
		Debug|Any CPU = Debug|Any CPU
		Release|Any CPU = Release|Any CPU
	EndGlobalSection
	GlobalSection(ProjectConfigurationPlatforms) = postSolution
		{9659C123-1E86-430C-AE44-C372AB81AD4E}.Debug|Any CPU.ActiveCfg = Debug|Any CPU
		{9659C123-1E86-430C-AE44-C372AB81AD4E}.Debug|Any CPU.Build.0 = Debug|Any CPU
		{9659C123-1E86-430C-AE44-C372AB81AD4E}.Release|Any CPU.ActiveCfg = Release|Any CPU
		{9659C123-1E86-430C-AE44-C372AB81AD4E}.Release|Any CPU.Build.0 = Release|Any CPU
		{FEAAA424-20CD-499F-837F-E5B18AA09758}.Debug|Any CPU.ActiveCfg = Debug|Any CPU
		{FEAAA424-20CD-499F-837F-E5B18AA09758}.Debug|Any CPU.Build.0 = Debug|Any CPU
		{FEAAA424-20CD-499F-837F-E5B18AA09758}.Release|Any CPU.ActiveCfg = Release|Any CPU
		{FEAAA424-20CD-499F-837F-E5B18AA09758}.Release|Any CPU.Build.0 = Release|Any CPU
		{5C6F6F73-FDDB-4158-8B0D-B9538B1B2929}.Debug|Any CPU.ActiveCfg = Debug|Any CPU
		{5C6F6F73-FDDB-4158-8B0D-B9538B1B2929}.Debug|Any CPU.Build.0 = Debug|Any CPU
		{5C6F6F73-FDDB-4158-8B0D-B9538B1B2929}.Release|Any CPU.ActiveCfg = Release|Any CPU
		{5C6F6F73-FDDB-4158-8B0D-B9538B1B2929}.Release|Any CPU.Build.0 = Release|Any CPU
	EndGlobalSection
EndGlobal
