
Microsoft Visual Studio Solution File, Format Version 12.00
# Visual Studio 15
Project("{FAE04EC0-301F-11D3-BF4B-00C04F79EFBC}") = "RealDeal.AppLogic", "RealDeal.AppLogic\RealDeal.AppLogic.csproj", "{FEAAA424-20CD-499F-837F-E5B18AA09758}"
EndProject
Project("{FAE04EC0-301F-11D3-BF4B-00C04F79EFBC}") = "RealDeal.DataAccess", "RealDeal.DataAccess\RealDeal.DataAccess.csproj", "{5C6F6F73-FDDB-4158-8B0D-B9538B1B2929}"
EndProject
Project("{FAE04EC0-301F-11D3-BF4B-00C04F79EFBC}") = "RealDeal", "RealDeal\RealDeal.csproj", "{93A1FAEF-3391-44BB-B474-4EA2E7626ED7}"
EndProject
Global
	GlobalSection(SolutionConfigurationPlatforms) = preSolution
		Debug|Any CPU = Debug|Any CPU
		Release|Any CPU = Release|Any CPU
	EndGlobalSection
	GlobalSection(ProjectConfigurationPlatforms) = postSolution
		{FEAAA424-20CD-499F-837F-E5B18AA09758}.Debug|Any CPU.ActiveCfg = Debug|Any CPU
		{FEAAA424-20CD-499F-837F-E5B18AA09758}.Debug|Any CPU.Build.0 = Debug|Any CPU
		{FEAAA424-20CD-499F-837F-E5B18AA09758}.Release|Any CPU.ActiveCfg = Release|Any CPU
		{FEAAA424-20CD-499F-837F-E5B18AA09758}.Release|Any CPU.Build.0 = Release|Any CPU
		{5C6F6F73-FDDB-4158-8B0D-B9538B1B2929}.Debug|Any CPU.ActiveCfg = Debug|Any CPU
		{5C6F6F73-FDDB-4158-8B0D-B9538B1B2929}.Debug|Any CPU.Build.0 = Debug|Any CPU
		{5C6F6F73-FDDB-4158-8B0D-B9538B1B2929}.Release|Any CPU.ActiveCfg = Release|Any CPU
		{5C6F6F73-FDDB-4158-8B0D-B9538B1B2929}.Release|Any CPU.Build.0 = Release|Any CPU
		{93A1FAEF-3391-44BB-B474-4EA2E7626ED7}.Debug|Any CPU.ActiveCfg = Debug|Any CPU
		{93A1FAEF-3391-44BB-B474-4EA2E7626ED7}.Debug|Any CPU.Build.0 = Debug|Any CPU
		{93A1FAEF-3391-44BB-B474-4EA2E7626ED7}.Release|Any CPU.ActiveCfg = Release|Any CPU
		{93A1FAEF-3391-44BB-B474-4EA2E7626ED7}.Release|Any CPU.Build.0 = Release|Any CPU
	EndGlobalSection
EndGlobal
